
Microsoft Visual Studio Solution File, Format Version 12.00
# Visual Studio Version 17
VisualStudioVersion = 17.14.36401.2 d17.14
MinimumVisualStudioVersion = 10.0.40219.1
Project("{FAE04EC0-301F-11D3-BF4B-00C04F79EFBC}") = "Substational-Manager", "Substational-Manager\Substational-Manager.csproj", "{5BD2B541-0EED-46EB-A4F6-60DFB49EFF24}"
EndProject
Global
	GlobalSection(SolutionConfigurationPlatforms) = preSolution
		Debug|Any CPU = Debug|Any CPU
		Release|Any CPU = Release|Any CPU
	EndGlobalSection
	GlobalSection(ProjectConfigurationPlatforms) = postSolution
		{5BD2B541-0EED-46EB-A4F6-60DFB49EFF24}.Debug|Any CPU.ActiveCfg = Debug|Any CPU
		{5BD2B541-0EED-46EB-A4F6-60DFB49EFF24}.Debug|Any CPU.Build.0 = Debug|Any CPU
		{5BD2B541-0EED-46EB-A4F6-60DFB49EFF24}.Release|Any CPU.ActiveCfg = Release|Any CPU
		{5BD2B541-0EED-46EB-A4F6-60DFB49EFF24}.Release|Any CPU.Build.0 = Release|Any CPU
	EndGlobalSection
	GlobalSection(SolutionProperties) = preSolution
		HideSolutionNode = FALSE
	EndGlobalSection
	GlobalSection(ExtensibilityGlobals) = postSolution
		SolutionGuid = {D0C387EB-B336-4238-A1C1-0CC77004A019}
	EndGlobalSection
EndGlobal
